
Microsoft Visual Studio Solution File, Format Version 12.00
# Visual Studio Version 17
VisualStudioVersion = 17.14.36511.14 d17.14
MinimumVisualStudioVersion = 10.0.40219.1
Project("{54A90642-561A-4BB1-A94E-469ADEE60C69}") = "termitank", "TermiTank\termitank.esproj", "{6325AD43-F95E-A24A-3F6E-652657A34B4B}"
EndProject
Global
	GlobalSection(SolutionConfigurationPlatforms) = preSolution
		Debug|Any CPU = Debug|Any CPU
		Release|Any CPU = Release|Any CPU
	EndGlobalSection
	GlobalSection(ProjectConfigurationPlatforms) = postSolution
		{6325AD43-F95E-A24A-3F6E-652657A34B4B}.Debug|Any CPU.ActiveCfg = Debug|Any CPU
		{6325AD43-F95E-A24A-3F6E-652657A34B4B}.Debug|Any CPU.Build.0 = Debug|Any CPU
		{6325AD43-F95E-A24A-3F6E-652657A34B4B}.Debug|Any CPU.Deploy.0 = Debug|Any CPU
		{6325AD43-F95E-A24A-3F6E-652657A34B4B}.Release|Any CPU.ActiveCfg = Release|Any CPU
		{6325AD43-F95E-A24A-3F6E-652657A34B4B}.Release|Any CPU.Build.0 = Release|Any CPU
		{6325AD43-F95E-A24A-3F6E-652657A34B4B}.Release|Any CPU.Deploy.0 = Release|Any CPU
	EndGlobalSection
	GlobalSection(SolutionProperties) = preSolution
		HideSolutionNode = FALSE
	EndGlobalSection
	GlobalSection(ExtensibilityGlobals) = postSolution
		SolutionGuid = {123A9BFF-0BB7-40C5-8694-FEA9A50689FB}
	EndGlobalSection
EndGlobal
